
Microsoft Visual Studio Solution File, Format Version 12.00
# Visual Studio 2015
Project("{FAE04EC0-301F-11D3-BF4B-00C04F79EFBC}") = "TerrainMaker.CSharp", "TerrainMaker.CSharp.csproj", "{5A989464-FF69-B701-7E73-BA3DC72F1FFC}"
EndProject
Global
	GlobalSection(SolutionConfigurationPlatforms) = preSolution
		Debug|Any CPU = Debug|Any CPU
		Release|Any CPU = Release|Any CPU
	EndGlobalSection
	GlobalSection(ProjectConfigurationPlatforms) = postSolution
		{5A989464-FF69-B701-7E73-BA3DC72F1FFC}.Debug|Any CPU.ActiveCfg = Debug|Any CPU
		{5A989464-FF69-B701-7E73-BA3DC72F1FFC}.Debug|Any CPU.Build.0 = Debug|Any CPU
		{5A989464-FF69-B701-7E73-BA3DC72F1FFC}.Release|Any CPU.ActiveCfg = Release|Any CPU
		{5A989464-FF69-B701-7E73-BA3DC72F1FFC}.Release|Any CPU.Build.0 = Release|Any CPU
	EndGlobalSection
	GlobalSection(SolutionProperties) = preSolution
		HideSolutionNode = FALSE
	EndGlobalSection
EndGlobal
